
Microsoft Visual Studio Solution File, Format Version 12.00
# Visual Studio Version 17
VisualStudioVersion = 17.1.32104.313
MinimumVisualStudioVersion = 10.0.40219.1
Project("{FAE04EC0-301F-11D3-BF4B-00C04F79EFBC}") = "SuggestionsAppUI", "SuggestionsAppUI\SuggestionsAppUI.csproj", "{A1BF4F08-4530-45C6-8630-42E9563510ED}"
EndProject
Global
	GlobalSection(SolutionConfigurationPlatforms) = preSolution
		Debug|Any CPU = Debug|Any CPU
		Release|Any CPU = Release|Any CPU
	EndGlobalSection
	GlobalSection(ProjectConfigurationPlatforms) = postSolution
		{A1BF4F08-4530-45C6-8630-42E9563510ED}.Debug|Any CPU.ActiveCfg = Debug|Any CPU
		{A1BF4F08-4530-45C6-8630-42E9563510ED}.Debug|Any CPU.Build.0 = Debug|Any CPU
		{A1BF4F08-4530-45C6-8630-42E9563510ED}.Release|Any CPU.ActiveCfg = Release|Any CPU
		{A1BF4F08-4530-45C6-8630-42E9563510ED}.Release|Any CPU.Build.0 = Release|Any CPU
	EndGlobalSection
	GlobalSection(SolutionProperties) = preSolution
		HideSolutionNode = FALSE
	EndGlobalSection
	GlobalSection(ExtensibilityGlobals) = postSolution
		SolutionGuid = {12A77D8A-2298-4695-9B66-A65D62124DE4}
	EndGlobalSection
EndGlobal
